// !$*UTF8*$!
{
	archiveVersion = 1;
	classes = {
	};
	objectVersion = 46;
	objects = {

/* Begin PBXBuildFile section */
		45A4D2DD1DA4766B003DD37B /* AppDelegate.swift in Sources */ = {isa = PBXBuildFile; fileRef = 45A4D2DC1DA4766B003DD37B /* AppDelegate.swift */; };
		45A4D2DF1DA4766B003DD37B /* ViewController.swift in Sources */ = {isa = PBXBuildFile; fileRef = 45A4D2DE1DA4766B003DD37B /* ViewController.swift */; };
		45A4D2E21DA4766B003DD37B /* Main.storyboard in Resources */ = {isa = PBXBuildFile; fileRef = 45A4D2E01DA4766B003DD37B /* Main.storyboard */; };
		45A4D2E41DA4766B003DD37B /* Assets.xcassets in Resources */ = {isa = PBXBuildFile; fileRef = 45A4D2E31DA4766B003DD37B /* Assets.xcassets */; };
		45A4D2E71DA4766B003DD37B /* LaunchScreen.storyboard in Resources */ = {isa = PBXBuildFile; fileRef = 45A4D2E51DA4766B003DD37B /* LaunchScreen.storyboard */; };
		45A4D2F21DA4766C003DD37B /* Hello_iOSTests.swift in Sources */ = {isa = PBXBuildFile; fileRef = 45A4D2F11DA4766C003DD37B /* Hello_iOSTests.swift */; };
		45A4D2FD1DA4766C003DD37B /* Hello_iOSUITests.swift in Sources */ = {isa = PBXBuildFile; fileRef = 45A4D2FC1DA4766C003DD37B /* Hello_iOSUITests.swift */; };
/* End PBXBuildFile section */

/* Begin PBXContainerItemProxy section */
		45A4D2EE1DA4766C003DD37B /* PBXContainerItemProxy */ = {
			isa = PBXContainerItemProxy;
			containerPortal = 45A4D2D11DA4766B003DD37B /* Project object */;
			proxyType = 1;
			remoteGlobalIDString = 45A4D2D81DA4766B003DD37B;
			remoteInfo = "Hello-iOS";
		};
		45A4D2F91DA4766C003DD37B /* PBXContainerItemProxy */ = {
			isa = PBXContainerItemProxy;
			containerPortal = 45A4D2D11DA4766B003DD37B /* Project object */;
			proxyType = 1;
			remoteGlobalIDString = 45A4D2D81DA4766B003DD37B;
			remoteInfo = "Hello-iOS";
		};
/* End PBXContainerItemProxy section */

/* Begin PBXFileReference section */
		45A4D2D91DA4766B003DD37B /* Hello-iOS.app */ = {isa = PBXFileReference; explicitFileType = wrapper.application; includeInIndex = 0; path = "Hello-iOS.app"; sourceTree = BUILT_PRODUCTS_DIR; };
		45A4D2DC1DA4766B003DD37B /* AppDelegate.swift */ = {isa = PBXFileReference; lastKnownFileType = sourcecode.swift; path = AppDelegate.swift; sourceTree = "<group>"; };
		45A4D2DE1DA4766B003DD37B /* ViewController.swift */ = {isa = PBXFileReference; lastKnownFileType = sourcecode.swift; path = ViewController.swift; sourceTree = "<group>"; };
		45A4D2E11DA4766B003DD37B /* Base */ = {isa = PBXFileReference; lastKnownFileType = file.storyboard; name = Base; path = Base.lproj/Main.storyboard; sourceTree = "<group>"; };
		45A4D2E31DA4766B003DD37B /* Assets.xcassets */ = {isa = PBXFileReference; lastKnownFileType = folder.assetcatalog; path = Assets.xcassets; sourceTree = "<group>"; };
		45A4D2E61DA4766B003DD37B /* Base */ = {isa = PBXFileReference; lastKnownFileType = file.storyboard; name = Base; path = Base.lproj/LaunchScreen.storyboard; sourceTree = "<group>"; };
		45A4D2E81DA4766B003DD37B /* Info.plist */ = {isa = PBXFileReference; lastKnownFileType = text.plist.xml; path = Info.plist; sourceTree = "<group>"; };
		45A4D2ED1DA4766C003DD37B /* Hello-iOSTests.xctest */ = {isa = PBXFileReference; explicitFileType = wrapper.cfbundle; includeInIndex = 0; path = "Hello-iOSTests.xctest"; sourceTree = BUILT_PRODUCTS_DIR; };
		45A4D2F11DA4766C003DD37B /* Hello_iOSTests.swift */ = {isa = PBXFileReference; lastKnownFileType = sourcecode.swift; path = Hello_iOSTests.swift; sourceTree = "<group>"; };
		45A4D2F31DA4766C003DD37B /* Info.plist */ = {isa = PBXFileReference; lastKnownFileType = text.plist.xml; path = Info.plist; sourceTree = "<group>"; };
		45A4D2F81DA4766C003DD37B /* Hello-iOSUITests.xctest */ = {isa = PBXFileReference; explicitFileType = wrapper.cfbundle; includeInIndex = 0; path = "Hello-iOSUITests.xctest"; sourceTree = BUILT_PRODUCTS_DIR; };
		45A4D2FC1DA4766C003DD37B /* Hello_iOSUITests.swift */ = {isa = PBXFileReference; lastKnownFileType = sourcecode.swift; path = Hello_iOSUITests.swift; sourceTree = "<group>"; };
		45A4D2FE1DA4766C003DD37B /* Info.plist */ = {isa = PBXFileReference; lastKnownFileType = text.plist.xml; path = Info.plist; sourceTree = "<group>"; };
/* End PBXFileReference section */

/* Begin PBXFrameworksBuildPhase section */
		45A4D2D61DA4766B003DD37B /* Frameworks */ = {
			isa = PBXFrameworksBuildPhase;
			buildActionMask = 2147483647;
			files = (
			);
			runOnlyForDeploymentPostprocessing = 0;
		};
		45A4D2EA1DA4766C003DD37B /* Frameworks */ = {
			isa = PBXFrameworksBuildPhase;
			buildActionMask = 2147483647;
			files = (
			);
			runOnlyForDeploymentPostprocessing = 0;
		};
		45A4D2F51DA4766C003DD37B /* Frameworks */ = {
			isa = PBXFrameworksBuildPhase;
			buildActionMask = 2147483647;
			files = (
			);
			runOnlyForDeploymentPostprocessing = 0;
		};
/* End PBXFrameworksBuildPhase section */

/* Begin PBXGroup section */
		45A4D2D01DA4766B003DD37B = {
			isa = PBXGroup;
			children = (
				45A4D2DB1DA4766B003DD37B /* Hello-iOS */,
				45A4D2F01DA4766C003DD37B /* Hello-iOSTests */,
				45A4D2FB1DA4766C003DD37B /* Hello-iOSUITests */,
				45A4D2DA1DA4766B003DD37B /* Products */,
			);
			sourceTree = "<group>";
		};
		45A4D2DA1DA4766B003DD37B /* Products */ = {
			isa = PBXGroup;
			children = (
				45A4D2D91DA4766B003DD37B /* Hello-iOS.app */,
				45A4D2ED1DA4766C003DD37B /* Hello-iOSTests.xctest */,
				45A4D2F81DA4766C003DD37B /* Hello-iOSUITests.xctest */,
			);
			name = Products;
			sourceTree = "<group>";
		};
		45A4D2DB1DA4766B003DD37B /* Hello-iOS */ = {
			isa = PBXGroup;
			children = (
				45A4D2DC1DA4766B003DD37B /* AppDelegate.swift */,
				45A4D2DE1DA4766B003DD37B /* ViewController.swift */,
				45A4D2E01DA4766B003DD37B /* Main.storyboard */,
				45A4D2E31DA4766B003DD37B /* Assets.xcassets */,
				45A4D2E51DA4766B003DD37B /* LaunchScreen.storyboard */,
				45A4D2E81DA4766B003DD37B /* Info.plist */,
			);
			path = "Hello-iOS";
			sourceTree = "<group>";
		};
		45A4D2F01DA4766C003DD37B /* Hello-iOSTests */ = {
			isa = PBXGroup;
			children = (
				45A4D2F11DA4766C003DD37B /* Hello_iOSTests.swift */,
				45A4D2F31DA4766C003DD37B /* Info.plist */,
			);
			path = "Hello-iOSTests";
			sourceTree = "<group>";
		};
		45A4D2FB1DA4766C003DD37B /* Hello-iOSUITests */ = {
			isa = PBXGroup;
			children = (
				45A4D2FC1DA4766C003DD37B /* Hello_iOSUITests.swift */,
				45A4D2FE1DA4766C003DD37B /* Info.plist */,
			);
			path = "Hello-iOSUITests";
			sourceTree = "<group>";
		};
/* End PBXGroup section */

/* Begin PBXNativeTarget section */
		45A4D2D81DA4766B003DD37B /* Hello-iOS */ = {
			isa = PBXNativeTarget;
			buildConfigurationList = 45A4D3011DA4766C003DD37B /* Build configuration list for PBXNativeTarget "Hello-iOS" */;
			buildPhases = (
				45A4D2D51DA4766B003DD37B /* Sources */,
				45A4D2D61DA4766B003DD37B /* Frameworks */,
				45A4D2D71DA4766B003DD37B /* Resources */,
			);
			buildRules = (
			);
			dependencies = (
			);
			name = "Hello-iOS";
			productName = "Hello-iOS";
			productReference = 45A4D2D91DA4766B003DD37B /* Hello-iOS.app */;
			productType = "com.apple.product-type.application";
		};
		45A4D2EC1DA4766C003DD37B /* Hello-iOSTests */ = {
			isa = PBXNativeTarget;
			buildConfigurationList = 45A4D3041DA4766C003DD37B /* Build configuration list for PBXNativeTarget "Hello-iOSTests" */;
			buildPhases = (
				45A4D2E91DA4766C003DD37B /* Sources */,
				45A4D2EA1DA4766C003DD37B /* Frameworks */,
				45A4D2EB1DA4766C003DD37B /* Resources */,
			);
			buildRules = (
			);
			dependencies = (
				45A4D2EF1DA4766C003DD37B /* PBXTargetDependency */,
			);
			name = "Hello-iOSTests";
			productName = "Hello-iOSTests";
			productReference = 45A4D2ED1DA4766C003DD37B /* Hello-iOSTests.xctest */;
			productType = "com.apple.product-type.bundle.unit-test";
		};
		45A4D2F71DA4766C003DD37B /* Hello-iOSUITests */ = {
			isa = PBXNativeTarget;
			buildConfigurationList = 45A4D3071DA4766C003DD37B /* Build configuration list for PBXNativeTarget "Hello-iOSUITests" */;
			buildPhases = (
				45A4D2F41DA4766C003DD37B /* Sources */,
				45A4D2F51DA4766C003DD37B /* Frameworks */,
				45A4D2F61DA4766C003DD37B /* Resources */,
			);
			buildRules = (
			);
			dependencies = (
				45A4D2FA1DA4766C003DD37B /* PBXTargetDependency */,
			);
			name = "Hello-iOSUITests";
			productName = "Hello-iOSUITests";
			productReference = 45A4D2F81DA4766C003DD37B /* Hello-iOSUITests.xctest */;
			productType = "com.apple.product-type.bundle.ui-testing";
		};
/* End PBXNativeTarget section */

/* Begin PBXProject section */
		45A4D2D11DA4766B003DD37B /* Project object */ = {
			isa = PBXProject;
			attributes = {
				LastSwiftUpdateCheck = 0800;
				LastUpgradeCheck = 0800;
				ORGANIZATIONNAME = Just;
				TargetAttributes = {
					45A4D2D81DA4766B003DD37B = {
						CreatedOnToolsVersion = 8.0;
						ProvisioningStyle = Automatic;
					};
					45A4D2EC1DA4766C003DD37B = {
						CreatedOnToolsVersion = 8.0;
						ProvisioningStyle = Automatic;
						TestTargetID = 45A4D2D81DA4766B003DD37B;
					};
					45A4D2F71DA4766C003DD37B = {
						CreatedOnToolsVersion = 8.0;
						ProvisioningStyle = Automatic;
						TestTargetID = 45A4D2D81DA4766B003DD37B;
					};
				};
			};
			buildConfigurationList = 45A4D2D41DA4766B003DD37B /* Build configuration list for PBXProject "Hello-iOS" */;
			compatibilityVersion = "Xcode 3.2";
			developmentRegion = English;
			hasScannedForEncodings = 0;
			knownRegions = (
				en,
				Base,
			);
			mainGroup = 45A4D2D01DA4766B003DD37B;
			productRefGroup = 45A4D2DA1DA4766B003DD37B /* Products */;
			projectDirPath = "";
			projectRoot = "";
			targets = (
				45A4D2D81DA4766B003DD37B /* Hello-iOS */,
				45A4D2EC1DA4766C003DD37B /* Hello-iOSTests */,
				45A4D2F71DA4766C003DD37B /* Hello-iOSUITests */,
			);
		};
/* End PBXProject section */

/* Begin PBXResourcesBuildPhase section */
		45A4D2D71DA4766B003DD37B /* Resources */ = {
			isa = PBXResourcesBuildPhase;
			buildActionMask = 2147483647;
			files = (
				45A4D2E71DA4766B003DD37B /* LaunchScreen.storyboard in Resources */,
				45A4D2E41DA4766B003DD37B /* Assets.xcassets in Resources */,
				45A4D2E21DA4766B003DD37B /* Main.storyboard in Resources */,
			);
			runOnlyForDeploymentPostprocessing = 0;
		};
		45A4D2EB1DA4766C003DD37B /* Resources */ = {
			isa = PBXResourcesBuildPhase;
			buildActionMask = 2147483647;
			files = (
			);
			runOnlyForDeploymentPostprocessing = 0;
		};
		45A4D2F61DA4766C003DD37B /* Resources */ = {
			isa = PBXResourcesBuildPhase;
			buildActionMask = 2147483647;
			files = (
			);
			runOnlyForDeploymentPostprocessing = 0;
		};
/* End PBXResourcesBuildPhase section */

/* Begin PBXSourcesBuildPhase section */
		45A4D2D51DA4766B003DD37B /* Sources */ = {
			isa = PBXSourcesBuildPhase;
			buildActionMask = 2147483647;
			files = (
				45A4D2DF1DA4766B003DD37B /* ViewController.swift in Sources */,
				45A4D2DD1DA4766B003DD37B /* AppDelegate.swift in Sources */,
			);
			runOnlyForDeploymentPostprocessing = 0;
		};
		45A4D2E91DA4766C003DD37B /* Sources */ = {
			isa = PBXSourcesBuildPhase;
			buildActionMask = 2147483647;
			files = (
				45A4D2F21DA4766C003DD37B /* Hello_iOSTests.swift in Sources */,
			);
			runOnlyForDeploymentPostprocessing = 0;
		};
		45A4D2F41DA4766C003DD37B /* Sources */ = {
			isa = PBXSourcesBuildPhase;
			buildActionMask = 2147483647;
			files = (
				45A4D2FD1DA4766C003DD37B /* Hello_iOSUITests.swift in Sources */,
			);
			runOnlyForDeploymentPostprocessing = 0;
		};
/* End PBXSourcesBuildPhase section */

/* Begin PBXTargetDependency section */
		45A4D2EF1DA4766C003DD37B /* PBXTargetDependency */ = {
			isa = PBXTargetDependency;
			target = 45A4D2D81DA4766B003DD37B /* Hello-iOS */;
			targetProxy = 45A4D2EE1DA4766C003DD37B /* PBXContainerItemProxy */;
		};
		45A4D2FA1DA4766C003DD37B /* PBXTargetDependency */ = {
			isa = PBXTargetDependency;
			target = 45A4D2D81DA4766B003DD37B /* Hello-iOS */;
			targetProxy = 45A4D2F91DA4766C003DD37B /* PBXContainerItemProxy */;
		};
/* End PBXTargetDependency section */

/* Begin PBXVariantGroup section */
		45A4D2E01DA4766B003DD37B /* Main.storyboard */ = {
			isa = PBXVariantGroup;
			children = (
				45A4D2E11DA4766B003DD37B /* Base */,
			);
			name = Main.storyboard;
			sourceTree = "<group>";
		};
		45A4D2E51DA4766B003DD37B /* LaunchScreen.storyboard */ = {
			isa = PBXVariantGroup;
			children = (
				45A4D2E61DA4766B003DD37B /* Base */,
			);
			name = LaunchScreen.storyboard;
			sourceTree = "<group>";
		};
/* End PBXVariantGroup section */

/* Begin XCBuildConfiguration section */
		45A4D2FF1DA4766C003DD37B /* Debug */ = {
			isa = XCBuildConfiguration;
			buildSettings = {
				ALWAYS_SEARCH_USER_PATHS = NO;
				CLANG_ANALYZER_NONNULL = YES;
				CLANG_CXX_LANGUAGE_STANDARD = "gnu++0x";
				CLANG_CXX_LIBRARY = "libc++";
				CLANG_ENABLE_MODULES = YES;
				CLANG_ENABLE_OBJC_ARC = YES;
				CLANG_WARN_BOOL_CONVERSION = YES;
				CLANG_WARN_CONSTANT_CONVERSION = YES;
				CLANG_WARN_DIRECT_OBJC_ISA_USAGE = YES_ERROR;
				CLANG_WARN_DOCUMENTATION_COMMENTS = YES;
				CLANG_WARN_EMPTY_BODY = YES;
				CLANG_WARN_ENUM_CONVERSION = YES;
				CLANG_WARN_INFINITE_RECURSION = YES;
				CLANG_WARN_INT_CONVERSION = YES;
				CLANG_WARN_OBJC_ROOT_CLASS = YES_ERROR;
				CLANG_WARN_SUSPICIOUS_MOVES = YES;
				CLANG_WARN_UNREACHABLE_CODE = YES;
				CLANG_WARN__DUPLICATE_METHOD_MATCH = YES;
				"CODE_SIGN_IDENTITY[sdk=iphoneos*]" = "iPhone Developer";
				COPY_PHASE_STRIP = NO;
				DEBUG_INFORMATION_FORMAT = dwarf;
				ENABLE_STRICT_OBJC_MSGSEND = YES;
				ENABLE_TESTABILITY = YES;
				GCC_C_LANGUAGE_STANDARD = gnu99;
				GCC_DYNAMIC_NO_PIC = NO;
				GCC_NO_COMMON_BLOCKS = YES;
				GCC_OPTIMIZATION_LEVEL = 0;
				GCC_PREPROCESSOR_DEFINITIONS = (
					"DEBUG=1",
					"$(inherited)",
				);
				GCC_WARN_64_TO_32_BIT_CONVERSION = YES;
				GCC_WARN_ABOUT_RETURN_TYPE = YES_ERROR;
				GCC_WARN_UNDECLARED_SELECTOR = YES;
				GCC_WARN_UNINITIALIZED_AUTOS = YES_AGGRESSIVE;
				GCC_WARN_UNUSED_FUNCTION = YES;
				GCC_WARN_UNUSED_VARIABLE = YES;
				IPHONEOS_DEPLOYMENT_TARGET = 10.0;
				MTL_ENABLE_DEBUG_INFO = YES;
				ONLY_ACTIVE_ARCH = YES;
				SDKROOT = iphoneos;
				SWIFT_ACTIVE_COMPILATION_CONDITIONS = DEBUG;
				SWIFT_OPTIMIZATION_LEVEL = "-Onone";
				TARGETED_DEVICE_FAMILY = "1,2";
			};
			name = Debug;
		};
		45A4D3001DA4766C003DD37B /* Release */ = {
			isa = XCBuildConfiguration;
			buildSettings = {
				ALWAYS_SEARCH_USER_PATHS = NO;
				CLANG_ANALYZER_NONNULL = YES;
				CLANG_CXX_LANGUAGE_STANDARD = "gnu++0x";
				CLANG_CXX_LIBRARY = "libc++";
				CLANG_ENABLE_MODULES = YES;
				CLANG_ENABLE_OBJC_ARC = YES;
				CLANG_WARN_BOOL_CONVERSION = YES;
				CLANG_WARN_CONSTANT_CONVERSION = YES;
				CLANG_WARN_DIRECT_OBJC_ISA_USAGE = YES_ERROR;
				CLANG_WARN_DOCUMENTATION_COMMENTS = YES;
				CLANG_WARN_EMPTY_BODY = YES;
				CLANG_WARN_ENUM_CONVERSION = YES;
				CLANG_WARN_INFINITE_RECURSION = YES;
				CLANG_WARN_INT_CONVERSION = YES;
				CLANG_WARN_OBJC_ROOT_CLASS = YES_ERROR;
				CLANG_WARN_SUSPICIOUS_MOVES = YES;
				CLANG_WARN_UNREACHABLE_CODE = YES;
				CLANG_WARN__DUPLICATE_METHOD_MATCH = YES;
				"CODE_SIGN_IDENTITY[sdk=iphoneos*]" = "iPhone Developer";
				COPY_PHASE_STRIP = NO;
				DEBUG_INFORMATION_FORMAT = "dwarf-with-dsym";
				ENABLE_NS_ASSERTIONS = NO;
				ENABLE_STRICT_OBJC_MSGSEND = YES;
				GCC_C_LANGUAGE_STANDARD = gnu99;
				GCC_NO_COMMON_BLOCKS = YES;
				GCC_WARN_64_TO_32_BIT_CONVERSION = YES;
				GCC_WARN_ABOUT_RETURN_TYPE = YES_ERROR;
				GCC_WARN_UNDECLARED_SELECTOR = YES;
				GCC_WARN_UNINITIALIZED_AUTOS = YES_AGGRESSIVE;
				GCC_WARN_UNUSED_FUNCTION = YES;
				GCC_WARN_UNUSED_VARIABLE = YES;
				IPHONEOS_DEPLOYMENT_TARGET = 10.0;
				MTL_ENABLE_DEBUG_INFO = NO;
				SDKROOT = iphoneos;
				SWIFT_OPTIMIZATION_LEVEL = "-Owholemodule";
				TARGETED_DEVICE_FAMILY = "1,2";
				VALIDATE_PRODUCT = YES;
			};
			name = Release;
		};
		45A4D3021DA4766C003DD37B /* Debug */ = {
			isa = XCBuildConfiguration;
			buildSettings = {
				ASSETCATALOG_COMPILER_APPICON_NAME = AppIcon;
				INFOPLIST_FILE = "Hello-iOS/Info.plist";
				LD_RUNPATH_SEARCH_PATHS = "$(inherited) @executable_path/Frameworks";
				PRODUCT_BUNDLE_IDENTIFIER = "zoexiong.info.Hello-iOS";
				PRODUCT_NAME = "$(TARGET_NAME)";
				SWIFT_VERSION = 3.0;
			};
			name = Debug;
		};
		45A4D3031DA4766C003DD37B /* Release */ = {
			isa = XCBuildConfiguration;
			buildSettings = {
				ASSETCATALOG_COMPILER_APPICON_NAME = AppIcon;
				INFOPLIST_FILE = "Hello-iOS/Info.plist";
				LD_RUNPATH_SEARCH_PATHS = "$(inherited) @executable_path/Frameworks";
				PRODUCT_BUNDLE_IDENTIFIER = "zoexiong.info.Hello-iOS";
				PRODUCT_NAME = "$(TARGET_NAME)";
				SWIFT_VERSION = 3.0;
			};
			name = Release;
		};
		45A4D3051DA4766C003DD37B /* Debug */ = {
			isa = XCBuildConfiguration;
			buildSettings = {
				ALWAYS_EMBED_SWIFT_STANDARD_LIBRARIES = YES;
				BUNDLE_LOADER = "$(TEST_HOST)";
				INFOPLIST_FILE = "Hello-iOSTests/Info.plist";
				LD_RUNPATH_SEARCH_PATHS = "$(inherited) @executable_path/Frameworks @loader_path/Frameworks";
				PRODUCT_BUNDLE_IDENTIFIER = "zoexiong.info.Hello-iOSTests";
				PRODUCT_NAME = "$(TARGET_NAME)";
				SWIFT_VERSION = 3.0;
				TEST_HOST = "$(BUILT_PRODUCTS_DIR)/Hello-iOS.app/Hello-iOS";
			};
			name = Debug;
		};
		45A4D3061DA4766C003DD37B /* Release */ = {
			isa = XCBuildConfiguration;
			buildSettings = {
				ALWAYS_EMBED_SWIFT_STANDARD_LIBRARIES = YES;
				BUNDLE_LOADER = "$(TEST_HOST)";
				INFOPLIST_FILE = "Hello-iOSTests/Info.plist";
				LD_RUNPATH_SEARCH_PATHS = "$(inherited) @executable_path/Frameworks @loader_path/Frameworks";
				PRODUCT_BUNDLE_IDENTIFIER = "zoexiong.info.Hello-iOSTests";
				PRODUCT_NAME = "$(TARGET_NAME)";
				SWIFT_VERSION = 3.0;
				TEST_HOST = "$(BUILT_PRODUCTS_DIR)/Hello-iOS.app/Hello-iOS";
			};
			name = Release;
		};
		45A4D3081DA4766C003DD37B /* Debug */ = {
			isa = XCBuildConfiguration;
			buildSettings = {
				ALWAYS_EMBED_SWIFT_STANDARD_LIBRARIES = YES;
				INFOPLIST_FILE = "Hello-iOSUITests/Info.plist";
				LD_RUNPATH_SEARCH_PATHS = "$(inherited) @executable_path/Frameworks @loader_path/Frameworks";
				PRODUCT_BUNDLE_IDENTIFIER = "zoexiong.info.Hello-iOSUITests";
				PRODUCT_NAME = "$(TARGET_NAME)";
				SWIFT_VERSION = 3.0;
				TEST_TARGET_NAME = "Hello-iOS";
			};
			name = Debug;
		};
		45A4D3091DA4766C003DD37B /* Release */ = {
			isa = XCBuildConfiguration;
			buildSettings = {
				ALWAYS_EMBED_SWIFT_STANDARD_LIBRARIES = YES;
				INFOPLIST_FILE = "Hello-iOSUITests/Info.plist";
				LD_RUNPATH_SEARCH_PATHS = "$(inherited) @executable_path/Frameworks @loader_path/Frameworks";
				PRODUCT_BUNDLE_IDENTIFIER = "zoexiong.info.Hello-iOSUITests";
				PRODUCT_NAME = "$(TARGET_NAME)";
				SWIFT_VERSION = 3.0;
				TEST_TARGET_NAME = "Hello-iOS";
			};
			name = Release;
		};
/* End XCBuildConfiguration section */

/* Begin XCConfigurationList section */
		45A4D2D41DA4766B003DD37B /* Build configuration list for PBXProject "Hello-iOS" */ = {
			isa = XCConfigurationList;
			buildConfigurations = (
				45A4D2FF1DA4766C003DD37B /* Debug */,
				45A4D3001DA4766C003DD37B /* Release */,
			);
			defaultConfigurationIsVisible = 0;
			defaultConfigurationName = Release;
		};
		45A4D3011DA4766C003DD37B /* Build configuration list for PBXNativeTarget "Hello-iOS" */ = {
			isa = XCConfigurationList;
			buildConfigurations = (
				45A4D3021DA4766C003DD37B /* Debug */,
				45A4D3031DA4766C003DD37B /* Release */,
			);
			defaultConfigurationIsVisible = 0;
		};
		45A4D3041DA4766C003DD37B /* Build configuration list for PBXNativeTarget "Hello-iOSTests" */ = {
			isa = XCConfigurationList;
			buildConfigurations = (
				45A4D3051DA4766C003DD37B /* Debug */,
				45A4D3061DA4766C003DD37B /* Release */,
			);
			defaultConfigurationIsVisible = 0;
		};
		45A4D3071DA4766C003DD37B /* Build configuration list for PBXNativeTarget "Hello-iOSUITests" */ = {
			isa = XCConfigurationList;
			buildConfigurations = (
				45A4D3081DA4766C003DD37B /* Debug */,
				45A4D3091DA4766C003DD37B /* Release */,
			);
			defaultConfigurationIsVisible = 0;
		};
/* End XCConfigurationList section */
	};
	rootObject = 45A4D2D11DA4766B003DD37B /* Project object */;
}
